
Microsoft Visual Studio Solution File, Format Version 12.00
# Visual Studio Version 16
VisualStudioVersion = 16.0.30621.155
MinimumVisualStudioVersion = 10.0.40219.1
Project("{2150E333-8FDC-42A3-9474-1A3956D46DE8}") = "Application", "Application", "{A1117860-8E41-46B3-95F8-E73ADA13B819}"
EndProject
Project("{2150E333-8FDC-42A3-9474-1A3956D46DE8}") = "Library", "Library", "{D3148318-F46C-4313-997F-36693D63DE4B}"
EndProject
Project("{FAE04EC0-301F-11D3-BF4B-00C04F79EFBC}") = "Utils", "..\Library\Utils\Utils.csproj", "{6F9FC0A3-EFC0-45BA-8F67-51383D0EC8EC}"
EndProject
Project("{FAE04EC0-301F-11D3-BF4B-00C04F79EFBC}") = "CMEGroupFileDownaloder", "..\Application\CMEGroupFileDownaloder\CMEGroupFileDownaloder.csproj", "{6225EBDE-EFE3-424C-BD88-D206F815C3AC}"
EndProject
Project("{2150E333-8FDC-42A3-9474-1A3956D46DE8}") = "Test", "Test", "{49AECA97-917D-4EBE-BFA7-6B6274F9C062}"
EndProject
Global
	GlobalSection(SolutionConfigurationPlatforms) = preSolution
		Debug|Any CPU = Debug|Any CPU
		Release|Any CPU = Release|Any CPU
	EndGlobalSection
	GlobalSection(ProjectConfigurationPlatforms) = postSolution
		{6F9FC0A3-EFC0-45BA-8F67-51383D0EC8EC}.Debug|Any CPU.ActiveCfg = Debug|Any CPU
		{6F9FC0A3-EFC0-45BA-8F67-51383D0EC8EC}.Debug|Any CPU.Build.0 = Debug|Any CPU
		{6F9FC0A3-EFC0-45BA-8F67-51383D0EC8EC}.Release|Any CPU.ActiveCfg = Release|Any CPU
		{6F9FC0A3-EFC0-45BA-8F67-51383D0EC8EC}.Release|Any CPU.Build.0 = Release|Any CPU
		{6225EBDE-EFE3-424C-BD88-D206F815C3AC}.Debug|Any CPU.ActiveCfg = Debug|Any CPU
		{6225EBDE-EFE3-424C-BD88-D206F815C3AC}.Debug|Any CPU.Build.0 = Debug|Any CPU
		{6225EBDE-EFE3-424C-BD88-D206F815C3AC}.Release|Any CPU.ActiveCfg = Release|Any CPU
		{6225EBDE-EFE3-424C-BD88-D206F815C3AC}.Release|Any CPU.Build.0 = Release|Any CPU
	EndGlobalSection
	GlobalSection(SolutionProperties) = preSolution
		HideSolutionNode = FALSE
	EndGlobalSection
	GlobalSection(NestedProjects) = preSolution
		{6F9FC0A3-EFC0-45BA-8F67-51383D0EC8EC} = {D3148318-F46C-4313-997F-36693D63DE4B}
		{6225EBDE-EFE3-424C-BD88-D206F815C3AC} = {A1117860-8E41-46B3-95F8-E73ADA13B819}
	EndGlobalSection
	GlobalSection(ExtensibilityGlobals) = postSolution
		SolutionGuid = {2332569D-F62B-4DD1-8ED9-46B77533F3A8}
	EndGlobalSection
EndGlobal
